// !$*UTF8*$!
{
	archiveVersion = 1;
	classes = {
	};
	objectVersion = 46;
	objects = {

/* Begin PBXBuildFile section */
		64F9B6EC1EDE555D00AF92FD /* main.m in Sources */ = {isa = PBXBuildFile; fileRef = 64F9B6EB1EDE555D00AF92FD /* main.m */; };
		64F9B6EF1EDE555D00AF92FD /* AppDelegate.m in Sources */ = {isa = PBXBuildFile; fileRef = 64F9B6EE1EDE555D00AF92FD /* AppDelegate.m */; };
		64F9B6F21EDE555D00AF92FD /* ViewController.m in Sources */ = {isa = PBXBuildFile; fileRef = 64F9B6F11EDE555D00AF92FD /* ViewController.m */; };
		64F9B6F51EDE555D00AF92FD /* Main.storyboard in Resources */ = {isa = PBXBuildFile; fileRef = 64F9B6F31EDE555D00AF92FD /* Main.storyboard */; };
		64F9B6F71EDE555D00AF92FD /* Assets.xcassets in Resources */ = {isa = PBXBuildFile; fileRef = 64F9B6F61EDE555D00AF92FD /* Assets.xcassets */; };
		64F9B6FA1EDE555D00AF92FD /* LaunchScreen.storyboard in Resources */ = {isa = PBXBuildFile; fileRef = 64F9B6F81EDE555D00AF92FD /* LaunchScreen.storyboard */; };
		64F9B7051EDE555E00AF92FD /* afnceshiTests.m in Sources */ = {isa = PBXBuildFile; fileRef = 64F9B7041EDE555E00AF92FD /* afnceshiTests.m */; };
		64F9B7101EDE555E00AF92FD /* afnceshiUITests.m in Sources */ = {isa = PBXBuildFile; fileRef = 64F9B70F1EDE555E00AF92FD /* afnceshiUITests.m */; };
/* End PBXBuildFile section */

/* Begin PBXContainerItemProxy section */
		64F9B7011EDE555E00AF92FD /* PBXContainerItemProxy */ = {
			isa = PBXContainerItemProxy;
			containerPortal = 64F9B6DF1EDE555D00AF92FD /* Project object */;
			proxyType = 1;
			remoteGlobalIDString = 64F9B6E61EDE555D00AF92FD;
			remoteInfo = afnceshi;
		};
		64F9B70C1EDE555E00AF92FD /* PBXContainerItemProxy */ = {
			isa = PBXContainerItemProxy;
			containerPortal = 64F9B6DF1EDE555D00AF92FD /* Project object */;
			proxyType = 1;
			remoteGlobalIDString = 64F9B6E61EDE555D00AF92FD;
			remoteInfo = afnceshi;
		};
/* End PBXContainerItemProxy section */

/* Begin PBXFileReference section */
		64F9B6E71EDE555D00AF92FD /* afnceshi.app */ = {isa = PBXFileReference; explicitFileType = wrapper.application; includeInIndex = 0; path = afnceshi.app; sourceTree = BUILT_PRODUCTS_DIR; };
		64F9B6EB1EDE555D00AF92FD /* main.m */ = {isa = PBXFileReference; lastKnownFileType = sourcecode.c.objc; path = main.m; sourceTree = "<group>"; };
		64F9B6ED1EDE555D00AF92FD /* AppDelegate.h */ = {isa = PBXFileReference; lastKnownFileType = sourcecode.c.h; path = AppDelegate.h; sourceTree = "<group>"; };
		64F9B6EE1EDE555D00AF92FD /* AppDelegate.m */ = {isa = PBXFileReference; lastKnownFileType = sourcecode.c.objc; path = AppDelegate.m; sourceTree = "<group>"; };
		64F9B6F01EDE555D00AF92FD /* ViewController.h */ = {isa = PBXFileReference; lastKnownFileType = sourcecode.c.h; path = ViewController.h; sourceTree = "<group>"; };
		64F9B6F11EDE555D00AF92FD /* ViewController.m */ = {isa = PBXFileReference; lastKnownFileType = sourcecode.c.objc; path = ViewController.m; sourceTree = "<group>"; };
		64F9B6F41EDE555D00AF92FD /* Base */ = {isa = PBXFileReference; lastKnownFileType = file.storyboard; name = Base; path = Base.lproj/Main.storyboard; sourceTree = "<group>"; };
		64F9B6F61EDE555D00AF92FD /* Assets.xcassets */ = {isa = PBXFileReference; lastKnownFileType = folder.assetcatalog; path = Assets.xcassets; sourceTree = "<group>"; };
		64F9B6F91EDE555D00AF92FD /* Base */ = {isa = PBXFileReference; lastKnownFileType = file.storyboard; name = Base; path = Base.lproj/LaunchScreen.storyboard; sourceTree = "<group>"; };
		64F9B6FB1EDE555D00AF92FD /* Info.plist */ = {isa = PBXFileReference; lastKnownFileType = text.plist.xml; path = Info.plist; sourceTree = "<group>"; };
		64F9B7001EDE555E00AF92FD /* afnceshiTests.xctest */ = {isa = PBXFileReference; explicitFileType = wrapper.cfbundle; includeInIndex = 0; path = afnceshiTests.xctest; sourceTree = BUILT_PRODUCTS_DIR; };
		64F9B7041EDE555E00AF92FD /* afnceshiTests.m */ = {isa = PBXFileReference; lastKnownFileType = sourcecode.c.objc; path = afnceshiTests.m; sourceTree = "<group>"; };
		64F9B7061EDE555E00AF92FD /* Info.plist */ = {isa = PBXFileReference; lastKnownFileType = text.plist.xml; path = Info.plist; sourceTree = "<group>"; };
		64F9B70B1EDE555E00AF92FD /* afnceshiUITests.xctest */ = {isa = PBXFileReference; explicitFileType = wrapper.cfbundle; includeInIndex = 0; path = afnceshiUITests.xctest; sourceTree = BUILT_PRODUCTS_DIR; };
		64F9B70F1EDE555E00AF92FD /* afnceshiUITests.m */ = {isa = PBXFileReference; lastKnownFileType = sourcecode.c.objc; path = afnceshiUITests.m; sourceTree = "<group>"; };
		64F9B7111EDE555E00AF92FD /* Info.plist */ = {isa = PBXFileReference; lastKnownFileType = text.plist.xml; path = Info.plist; sourceTree = "<group>"; };
/* End PBXFileReference section */

/* Begin PBXFrameworksBuildPhase section */
		64F9B6E41EDE555D00AF92FD /* Frameworks */ = {
			isa = PBXFrameworksBuildPhase;
			buildActionMask = 2147483647;
			files = (
			);
			runOnlyForDeploymentPostprocessing = 0;
		};
		64F9B6FD1EDE555E00AF92FD /* Frameworks */ = {
			isa = PBXFrameworksBuildPhase;
			buildActionMask = 2147483647;
			files = (
			);
			runOnlyForDeploymentPostprocessing = 0;
		};
		64F9B7081EDE555E00AF92FD /* Frameworks */ = {
			isa = PBXFrameworksBuildPhase;
			buildActionMask = 2147483647;
			files = (
			);
			runOnlyForDeploymentPostprocessing = 0;
		};
/* End PBXFrameworksBuildPhase section */

/* Begin PBXGroup section */
		64F9B6DE1EDE555D00AF92FD = {
			isa = PBXGroup;
			children = (
				64F9B6E91EDE555D00AF92FD /* afnceshi */,
				64F9B7031EDE555E00AF92FD /* afnceshiTests */,
				64F9B70E1EDE555E00AF92FD /* afnceshiUITests */,
				64F9B6E81EDE555D00AF92FD /* Products */,
			);
			sourceTree = "<group>";
		};
		64F9B6E81EDE555D00AF92FD /* Products */ = {
			isa = PBXGroup;
			children = (
				64F9B6E71EDE555D00AF92FD /* afnceshi.app */,
				64F9B7001EDE555E00AF92FD /* afnceshiTests.xctest */,
				64F9B70B1EDE555E00AF92FD /* afnceshiUITests.xctest */,
			);
			name = Products;
			sourceTree = "<group>";
		};
		64F9B6E91EDE555D00AF92FD /* afnceshi */ = {
			isa = PBXGroup;
			children = (
				64F9B6ED1EDE555D00AF92FD /* AppDelegate.h */,
				64F9B6EE1EDE555D00AF92FD /* AppDelegate.m */,
				64F9B6F01EDE555D00AF92FD /* ViewController.h */,
				64F9B6F11EDE555D00AF92FD /* ViewController.m */,
				64F9B6F31EDE555D00AF92FD /* Main.storyboard */,
				64F9B6F61EDE555D00AF92FD /* Assets.xcassets */,
				64F9B6F81EDE555D00AF92FD /* LaunchScreen.storyboard */,
				64F9B6FB1EDE555D00AF92FD /* Info.plist */,
				64F9B6EA1EDE555D00AF92FD /* Supporting Files */,
			);
			path = afnceshi;
			sourceTree = "<group>";
		};
		64F9B6EA1EDE555D00AF92FD /* Supporting Files */ = {
			isa = PBXGroup;
			children = (
				64F9B6EB1EDE555D00AF92FD /* main.m */,
			);
			name = "Supporting Files";
			sourceTree = "<group>";
		};
		64F9B7031EDE555E00AF92FD /* afnceshiTests */ = {
			isa = PBXGroup;
			children = (
				64F9B7041EDE555E00AF92FD /* afnceshiTests.m */,
				64F9B7061EDE555E00AF92FD /* Info.plist */,
			);
			path = afnceshiTests;
			sourceTree = "<group>";
		};
		64F9B70E1EDE555E00AF92FD /* afnceshiUITests */ = {
			isa = PBXGroup;
			children = (
				64F9B70F1EDE555E00AF92FD /* afnceshiUITests.m */,
				64F9B7111EDE555E00AF92FD /* Info.plist */,
			);
			path = afnceshiUITests;
			sourceTree = "<group>";
		};
/* End PBXGroup section */

/* Begin PBXNativeTarget section */
		64F9B6E61EDE555D00AF92FD /* afnceshi */ = {
			isa = PBXNativeTarget;
			buildConfigurationList = 64F9B7141EDE555E00AF92FD /* Build configuration list for PBXNativeTarget "afnceshi" */;
			buildPhases = (
				64F9B6E31EDE555D00AF92FD /* Sources */,
				64F9B6E41EDE555D00AF92FD /* Frameworks */,
				64F9B6E51EDE555D00AF92FD /* Resources */,
			);
			buildRules = (
			);
			dependencies = (
			);
			name = afnceshi;
			productName = afnceshi;
			productReference = 64F9B6E71EDE555D00AF92FD /* afnceshi.app */;
			productType = "com.apple.product-type.application";
		};
		64F9B6FF1EDE555E00AF92FD /* afnceshiTests */ = {
			isa = PBXNativeTarget;
			buildConfigurationList = 64F9B7171EDE555E00AF92FD /* Build configuration list for PBXNativeTarget "afnceshiTests" */;
			buildPhases = (
				64F9B6FC1EDE555E00AF92FD /* Sources */,
				64F9B6FD1EDE555E00AF92FD /* Frameworks */,
				64F9B6FE1EDE555E00AF92FD /* Resources */,
			);
			buildRules = (
			);
			dependencies = (
				64F9B7021EDE555E00AF92FD /* PBXTargetDependency */,
			);
			name = afnceshiTests;
			productName = afnceshiTests;
			productReference = 64F9B7001EDE555E00AF92FD /* afnceshiTests.xctest */;
			productType = "com.apple.product-type.bundle.unit-test";
		};
		64F9B70A1EDE555E00AF92FD /* afnceshiUITests */ = {
			isa = PBXNativeTarget;
			buildConfigurationList = 64F9B71A1EDE555E00AF92FD /* Build configuration list for PBXNativeTarget "afnceshiUITests" */;
			buildPhases = (
				64F9B7071EDE555E00AF92FD /* Sources */,
				64F9B7081EDE555E00AF92FD /* Frameworks */,
				64F9B7091EDE555E00AF92FD /* Resources */,
			);
			buildRules = (
			);
			dependencies = (
				64F9B70D1EDE555E00AF92FD /* PBXTargetDependency */,
			);
			name = afnceshiUITests;
			productName = afnceshiUITests;
			productReference = 64F9B70B1EDE555E00AF92FD /* afnceshiUITests.xctest */;
			productType = "com.apple.product-type.bundle.ui-testing";
		};
/* End PBXNativeTarget section */

/* Begin PBXProject section */
		64F9B6DF1EDE555D00AF92FD /* Project object */ = {
			isa = PBXProject;
			attributes = {
				LastUpgradeCheck = 0830;
				ORGANIZATIONNAME = chaojie;
				TargetAttributes = {
					64F9B6E61EDE555D00AF92FD = {
						CreatedOnToolsVersion = 8.3.1;
						DevelopmentTeam = CSHWSD3VEH;
						ProvisioningStyle = Automatic;
					};
					64F9B6FF1EDE555E00AF92FD = {
						CreatedOnToolsVersion = 8.3.1;
						DevelopmentTeam = CSHWSD3VEH;
						ProvisioningStyle = Automatic;
						TestTargetID = 64F9B6E61EDE555D00AF92FD;
					};
					64F9B70A1EDE555E00AF92FD = {
						CreatedOnToolsVersion = 8.3.1;
						DevelopmentTeam = CSHWSD3VEH;
						ProvisioningStyle = Automatic;
						TestTargetID = 64F9B6E61EDE555D00AF92FD;
					};
				};
			};
			buildConfigurationList = 64F9B6E21EDE555D00AF92FD /* Build configuration list for PBXProject "afnceshi" */;
			compatibilityVersion = "Xcode 3.2";
			developmentRegion = English;
			hasScannedForEncodings = 0;
			knownRegions = (
				en,
				Base,
			);
			mainGroup = 64F9B6DE1EDE555D00AF92FD;
			productRefGroup = 64F9B6E81EDE555D00AF92FD /* Products */;
			projectDirPath = "";
			projectRoot = "";
			targets = (
				64F9B6E61EDE555D00AF92FD /* afnceshi */,
				64F9B6FF1EDE555E00AF92FD /* afnceshiTests */,
				64F9B70A1EDE555E00AF92FD /* afnceshiUITests */,
			);
		};
/* End PBXProject section */

/* Begin PBXResourcesBuildPhase section */
		64F9B6E51EDE555D00AF92FD /* Resources */ = {
			isa = PBXResourcesBuildPhase;
			buildActionMask = 2147483647;
			files = (
				64F9B6FA1EDE555D00AF92FD /* LaunchScreen.storyboard in Resources */,
				64F9B6F71EDE555D00AF92FD /* Assets.xcassets in Resources */,
				64F9B6F51EDE555D00AF92FD /* Main.storyboard in Resources */,
			);
			runOnlyForDeploymentPostprocessing = 0;
		};
		64F9B6FE1EDE555E00AF92FD /* Resources */ = {
			isa = PBXResourcesBuildPhase;
			buildActionMask = 2147483647;
			files = (
			);
			runOnlyForDeploymentPostprocessing = 0;
		};
		64F9B7091EDE555E00AF92FD /* Resources */ = {
			isa = PBXResourcesBuildPhase;
			buildActionMask = 2147483647;
			files = (
			);
			runOnlyForDeploymentPostprocessing = 0;
		};
/* End PBXResourcesBuildPhase section */

/* Begin PBXSourcesBuildPhase section */
		64F9B6E31EDE555D00AF92FD /* Sources */ = {
			isa = PBXSourcesBuildPhase;
			buildActionMask = 2147483647;
			files = (
				64F9B6F21EDE555D00AF92FD /* ViewController.m in Sources */,
				64F9B6EF1EDE555D00AF92FD /* AppDelegate.m in Sources */,
				64F9B6EC1EDE555D00AF92FD /* main.m in Sources */,
			);
			runOnlyForDeploymentPostprocessing = 0;
		};
		64F9B6FC1EDE555E00AF92FD /* Sources */ = {
			isa = PBXSourcesBuildPhase;
			buildActionMask = 2147483647;
			files = (
				64F9B7051EDE555E00AF92FD /* afnceshiTests.m in Sources */,
			);
			runOnlyForDeploymentPostprocessing = 0;
		};
		64F9B7071EDE555E00AF92FD /* Sources */ = {
			isa = PBXSourcesBuildPhase;
			buildActionMask = 2147483647;
			files = (
				64F9B7101EDE555E00AF92FD /* afnceshiUITests.m in Sources */,
			);
			runOnlyForDeploymentPostprocessing = 0;
		};
/* End PBXSourcesBuildPhase section */

/* Begin PBXTargetDependency section */
		64F9B7021EDE555E00AF92FD /* PBXTargetDependency */ = {
			isa = PBXTargetDependency;
			target = 64F9B6E61EDE555D00AF92FD /* afnceshi */;
			targetProxy = 64F9B7011EDE555E00AF92FD /* PBXContainerItemProxy */;
		};
		64F9B70D1EDE555E00AF92FD /* PBXTargetDependency */ = {
			isa = PBXTargetDependency;
			target = 64F9B6E61EDE555D00AF92FD /* afnceshi */;
			targetProxy = 64F9B70C1EDE555E00AF92FD /* PBXContainerItemProxy */;
		};
/* End PBXTargetDependency section */

/* Begin PBXVariantGroup section */
		64F9B6F31EDE555D00AF92FD /* Main.storyboard */ = {
			isa = PBXVariantGroup;
			children = (
				64F9B6F41EDE555D00AF92FD /* Base */,
			);
			name = Main.storyboard;
			sourceTree = "<group>";
		};
		64F9B6F81EDE555D00AF92FD /* LaunchScreen.storyboard */ = {
			isa = PBXVariantGroup;
			children = (
				64F9B6F91EDE555D00AF92FD /* Base */,
			);
			name = LaunchScreen.storyboard;
			sourceTree = "<group>";
		};
/* End PBXVariantGroup section */

/* Begin XCBuildConfiguration section */
		64F9B7121EDE555E00AF92FD /* Debug */ = {
			isa = XCBuildConfiguration;
			buildSettings = {
				ALWAYS_SEARCH_USER_PATHS = NO;
				CLANG_ANALYZER_NONNULL = YES;
				CLANG_ANALYZER_NUMBER_OBJECT_CONVERSION = YES_AGGRESSIVE;
				CLANG_CXX_LANGUAGE_STANDARD = "gnu++0x";
				CLANG_CXX_LIBRARY = "libc++";
				CLANG_ENABLE_MODULES = YES;
				CLANG_ENABLE_OBJC_ARC = YES;
				CLANG_WARN_BOOL_CONVERSION = YES;
				CLANG_WARN_CONSTANT_CONVERSION = YES;
				CLANG_WARN_DIRECT_OBJC_ISA_USAGE = YES_ERROR;
				CLANG_WARN_DOCUMENTATION_COMMENTS = YES;
				CLANG_WARN_EMPTY_BODY = YES;
				CLANG_WARN_ENUM_CONVERSION = YES;
				CLANG_WARN_INFINITE_RECURSION = YES;
				CLANG_WARN_INT_CONVERSION = YES;
				CLANG_WARN_OBJC_ROOT_CLASS = YES_ERROR;
				CLANG_WARN_SUSPICIOUS_MOVE = YES;
				CLANG_WARN_UNREACHABLE_CODE = YES;
				CLANG_WARN__DUPLICATE_METHOD_MATCH = YES;
				"CODE_SIGN_IDENTITY[sdk=iphoneos*]" = "iPhone Developer";
				COPY_PHASE_STRIP = NO;
				DEBUG_INFORMATION_FORMAT = dwarf;
				ENABLE_STRICT_OBJC_MSGSEND = YES;
				ENABLE_TESTABILITY = YES;
				GCC_C_LANGUAGE_STANDARD = gnu99;
				GCC_DYNAMIC_NO_PIC = NO;
				GCC_NO_COMMON_BLOCKS = YES;
				GCC_OPTIMIZATION_LEVEL = 0;
				GCC_PREPROCESSOR_DEFINITIONS = (
					"DEBUG=1",
					"$(inherited)",
				);
				GCC_WARN_64_TO_32_BIT_CONVERSION = YES;
				GCC_WARN_ABOUT_RETURN_TYPE = YES_ERROR;
				GCC_WARN_UNDECLARED_SELECTOR = YES;
				GCC_WARN_UNINITIALIZED_AUTOS = YES_AGGRESSIVE;
				GCC_WARN_UNUSED_FUNCTION = YES;
				GCC_WARN_UNUSED_VARIABLE = YES;
				IPHONEOS_DEPLOYMENT_TARGET = 10.3;
				MTL_ENABLE_DEBUG_INFO = YES;
				ONLY_ACTIVE_ARCH = YES;
				SDKROOT = iphoneos;
				TARGETED_DEVICE_FAMILY = "1,2";
			};
			name = Debug;
		};
		64F9B7131EDE555E00AF92FD /* Release */ = {
			isa = XCBuildConfiguration;
			buildSettings = {
				ALWAYS_SEARCH_USER_PATHS = NO;
				CLANG_ANALYZER_NONNULL = YES;
				CLANG_ANALYZER_NUMBER_OBJECT_CONVERSION = YES_AGGRESSIVE;
				CLANG_CXX_LANGUAGE_STANDARD = "gnu++0x";
				CLANG_CXX_LIBRARY = "libc++";
				CLANG_ENABLE_MODULES = YES;
				CLANG_ENABLE_OBJC_ARC = YES;
				CLANG_WARN_BOOL_CONVERSION = YES;
				CLANG_WARN_CONSTANT_CONVERSION = YES;
				CLANG_WARN_DIRECT_OBJC_ISA_USAGE = YES_ERROR;
				CLANG_WARN_DOCUMENTATION_COMMENTS = YES;
				CLANG_WARN_EMPTY_BODY = YES;
				CLANG_WARN_ENUM_CONVERSION = YES;
				CLANG_WARN_INFINITE_RECURSION = YES;
				CLANG_WARN_INT_CONVERSION = YES;
				CLANG_WARN_OBJC_ROOT_CLASS = YES_ERROR;
				CLANG_WARN_SUSPICIOUS_MOVE = YES;
				CLANG_WARN_UNREACHABLE_CODE = YES;
				CLANG_WARN__DUPLICATE_METHOD_MATCH = YES;
				"CODE_SIGN_IDENTITY[sdk=iphoneos*]" = "iPhone Developer";
				COPY_PHASE_STRIP = NO;
				DEBUG_INFORMATION_FORMAT = "dwarf-with-dsym";
				ENABLE_NS_ASSERTIONS = NO;
				ENABLE_STRICT_OBJC_MSGSEND = YES;
				GCC_C_LANGUAGE_STANDARD = gnu99;
				GCC_NO_COMMON_BLOCKS = YES;
				GCC_WARN_64_TO_32_BIT_CONVERSION = YES;
				GCC_WARN_ABOUT_RETURN_TYPE = YES_ERROR;
				GCC_WARN_UNDECLARED_SELECTOR = YES;
				GCC_WARN_UNINITIALIZED_AUTOS = YES_AGGRESSIVE;
				GCC_WARN_UNUSED_FUNCTION = YES;
				GCC_WARN_UNUSED_VARIABLE = YES;
				IPHONEOS_DEPLOYMENT_TARGET = 10.3;
				MTL_ENABLE_DEBUG_INFO = NO;
				SDKROOT = iphoneos;
				TARGETED_DEVICE_FAMILY = "1,2";
				VALIDATE_PRODUCT = YES;
			};
			name = Release;
		};
		64F9B7151EDE555E00AF92FD /* Debug */ = {
			isa = XCBuildConfiguration;
			buildSettings = {
				ASSETCATALOG_COMPILER_APPICON_NAME = AppIcon;
				DEVELOPMENT_TEAM = CSHWSD3VEH;
				INFOPLIST_FILE = afnceshi/Info.plist;
				LD_RUNPATH_SEARCH_PATHS = "$(inherited) @executable_path/Frameworks";
				PRODUCT_BUNDLE_IDENTIFIER = com.hsy.afnceshi;
				PRODUCT_NAME = "$(TARGET_NAME)";
			};
			name = Debug;
		};
		64F9B7161EDE555E00AF92FD /* Release */ = {
			isa = XCBuildConfiguration;
			buildSettings = {
				ASSETCATALOG_COMPILER_APPICON_NAME = AppIcon;
				DEVELOPMENT_TEAM = CSHWSD3VEH;
				INFOPLIST_FILE = afnceshi/Info.plist;
				LD_RUNPATH_SEARCH_PATHS = "$(inherited) @executable_path/Frameworks";
				PRODUCT_BUNDLE_IDENTIFIER = com.hsy.afnceshi;
				PRODUCT_NAME = "$(TARGET_NAME)";
			};
			name = Release;
		};
		64F9B7181EDE555E00AF92FD /* Debug */ = {
			isa = XCBuildConfiguration;
			buildSettings = {
				BUNDLE_LOADER = "$(TEST_HOST)";
				DEVELOPMENT_TEAM = CSHWSD3VEH;
				INFOPLIST_FILE = afnceshiTests/Info.plist;
				LD_RUNPATH_SEARCH_PATHS = "$(inherited) @executable_path/Frameworks @loader_path/Frameworks";
				PRODUCT_BUNDLE_IDENTIFIER = com.hsy.afnceshiTests;
				PRODUCT_NAME = "$(TARGET_NAME)";
				TEST_HOST = "$(BUILT_PRODUCTS_DIR)/afnceshi.app/afnceshi";
			};
			name = Debug;
		};
		64F9B7191EDE555E00AF92FD /* Release */ = {
			isa = XCBuildConfiguration;
			buildSettings = {
				BUNDLE_LOADER = "$(TEST_HOST)";
				DEVELOPMENT_TEAM = CSHWSD3VEH;
				INFOPLIST_FILE = afnceshiTests/Info.plist;
				LD_RUNPATH_SEARCH_PATHS = "$(inherited) @executable_path/Frameworks @loader_path/Frameworks";
				PRODUCT_BUNDLE_IDENTIFIER = com.hsy.afnceshiTests;
				PRODUCT_NAME = "$(TARGET_NAME)";
				TEST_HOST = "$(BUILT_PRODUCTS_DIR)/afnceshi.app/afnceshi";
			};
			name = Release;
		};
		64F9B71B1EDE555E00AF92FD /* Debug */ = {
			isa = XCBuildConfiguration;
			buildSettings = {
				DEVELOPMENT_TEAM = CSHWSD3VEH;
				INFOPLIST_FILE = afnceshiUITests/Info.plist;
				LD_RUNPATH_SEARCH_PATHS = "$(inherited) @executable_path/Frameworks @loader_path/Frameworks";
				PRODUCT_BUNDLE_IDENTIFIER = com.hsy.afnceshiUITests;
				PRODUCT_NAME = "$(TARGET_NAME)";
				TEST_TARGET_NAME = afnceshi;
			};
			name = Debug;
		};
		64F9B71C1EDE555E00AF92FD /* Release */ = {
			isa = XCBuildConfiguration;
			buildSettings = {
				DEVELOPMENT_TEAM = CSHWSD3VEH;
				INFOPLIST_FILE = afnceshiUITests/Info.plist;
				LD_RUNPATH_SEARCH_PATHS = "$(inherited) @executable_path/Frameworks @loader_path/Frameworks";
				PRODUCT_BUNDLE_IDENTIFIER = com.hsy.afnceshiUITests;
				PRODUCT_NAME = "$(TARGET_NAME)";
				TEST_TARGET_NAME = afnceshi;
			};
			name = Release;
		};
/* End XCBuildConfiguration section */

/* Begin XCConfigurationList section */
		64F9B6E21EDE555D00AF92FD /* Build configuration list for PBXProject "afnceshi" */ = {
			isa = XCConfigurationList;
			buildConfigurations = (
				64F9B7121EDE555E00AF92FD /* Debug */,
				64F9B7131EDE555E00AF92FD /* Release */,
			);
			defaultConfigurationIsVisible = 0;
			defaultConfigurationName = Release;
		};
		64F9B7141EDE555E00AF92FD /* Build configuration list for PBXNativeTarget "afnceshi" */ = {
			isa = XCConfigurationList;
			buildConfigurations = (
				64F9B7151EDE555E00AF92FD /* Debug */,
				64F9B7161EDE555E00AF92FD /* Release */,
			);
			defaultConfigurationIsVisible = 0;
		};
		64F9B7171EDE555E00AF92FD /* Build configuration list for PBXNativeTarget "afnceshiTests" */ = {
			isa = XCConfigurationList;
			buildConfigurations = (
				64F9B7181EDE555E00AF92FD /* Debug */,
				64F9B7191EDE555E00AF92FD /* Release */,
			);
			defaultConfigurationIsVisible = 0;
		};
		64F9B71A1EDE555E00AF92FD /* Build configuration list for PBXNativeTarget "afnceshiUITests" */ = {
			isa = XCConfigurationList;
			buildConfigurations = (
				64F9B71B1EDE555E00AF92FD /* Debug */,
				64F9B71C1EDE555E00AF92FD /* Release */,
			);
			defaultConfigurationIsVisible = 0;
		};
/* End XCConfigurationList section */
	};
	rootObject = 64F9B6DF1EDE555D00AF92FD /* Project object */;
}
